
Microsoft Visual Studio Solution File, Format Version 12.00
# Visual Studio Version 17
VisualStudioVersion = 17.14.36109.1 d17.14
MinimumVisualStudioVersion = 10.0.40219.1
Project("{FAE04EC0-301F-11D3-BF4B-00C04F79EFBC}") = "LandslideFusion", "LandslideFusion\LandslideFusion.csproj", "{8981999B-410B-4E0B-9229-2D31008BACCB}"
EndProject
Global
	GlobalSection(SolutionConfigurationPlatforms) = preSolution
		Debug|Any CPU = Debug|Any CPU
		Release|Any CPU = Release|Any CPU
	EndGlobalSection
	GlobalSection(ProjectConfigurationPlatforms) = postSolution
		{8981999B-410B-4E0B-9229-2D31008BACCB}.Debug|Any CPU.ActiveCfg = Debug|Any CPU
		{8981999B-410B-4E0B-9229-2D31008BACCB}.Debug|Any CPU.Build.0 = Debug|Any CPU
		{8981999B-410B-4E0B-9229-2D31008BACCB}.Release|Any CPU.ActiveCfg = Release|Any CPU
		{8981999B-410B-4E0B-9229-2D31008BACCB}.Release|Any CPU.Build.0 = Release|Any CPU
	EndGlobalSection
	GlobalSection(SolutionProperties) = preSolution
		HideSolutionNode = FALSE
	EndGlobalSection
	GlobalSection(ExtensibilityGlobals) = postSolution
		SolutionGuid = {6B8C37DF-58D9-451F-B3D2-D20F28B38D5C}
	EndGlobalSection
EndGlobal
